// !$*UTF8*$!
{
	archiveVersion = 1;
	classes = {
	};
	objectVersion = 46;
	objects = {

/* Begin PBXBuildFile section */
		3E91A2961BD560C400660650 /* main.m in Sources */ = {isa = PBXBuildFile; fileRef = 3E91A2951BD560C400660650 /* main.m */; };
		3E91A2991BD560C400660650 /* AppDelegate.m in Sources */ = {isa = PBXBuildFile; fileRef = 3E91A2981BD560C400660650 /* AppDelegate.m */; };
		3E91A29C1BD560C400660650 /* ViewController.m in Sources */ = {isa = PBXBuildFile; fileRef = 3E91A29B1BD560C400660650 /* ViewController.m */; };
		3E91A29F1BD560C400660650 /* Main.storyboard in Resources */ = {isa = PBXBuildFile; fileRef = 3E91A29D1BD560C400660650 /* Main.storyboard */; };
		3E91A2A11BD560C400660650 /* Assets.xcassets in Resources */ = {isa = PBXBuildFile; fileRef = 3E91A2A01BD560C400660650 /* Assets.xcassets */; };
		3E91A2A41BD560C400660650 /* LaunchScreen.storyboard in Resources */ = {isa = PBXBuildFile; fileRef = 3E91A2A21BD560C400660650 /* LaunchScreen.storyboard */; };
		3E91A2AD1BD566D900660650 /* Data.txt in Resources */ = {isa = PBXBuildFile; fileRef = 3E91A2AC1BD566D900660650 /* Data.txt */; settings = {ASSET_TAGS = (); }; };
/* End PBXBuildFile section */

/* Begin PBXFileReference section */
		3E91A2911BD560C400660650 /* SPAutolayout-V3.app */ = {isa = PBXFileReference; explicitFileType = wrapper.application; includeInIndex = 0; path = "SPAutolayout-V3.app"; sourceTree = BUILT_PRODUCTS_DIR; };
		3E91A2951BD560C400660650 /* main.m */ = {isa = PBXFileReference; lastKnownFileType = sourcecode.c.objc; path = main.m; sourceTree = "<group>"; };
		3E91A2971BD560C400660650 /* AppDelegate.h */ = {isa = PBXFileReference; lastKnownFileType = sourcecode.c.h; path = AppDelegate.h; sourceTree = "<group>"; };
		3E91A2981BD560C400660650 /* AppDelegate.m */ = {isa = PBXFileReference; lastKnownFileType = sourcecode.c.objc; path = AppDelegate.m; sourceTree = "<group>"; };
		3E91A29A1BD560C400660650 /* ViewController.h */ = {isa = PBXFileReference; lastKnownFileType = sourcecode.c.h; name = ViewController.h; path = SPControllers/ViewController.h; sourceTree = "<group>"; };
		3E91A29B1BD560C400660650 /* ViewController.m */ = {isa = PBXFileReference; lastKnownFileType = sourcecode.c.objc; name = ViewController.m; path = SPControllers/ViewController.m; sourceTree = "<group>"; };
		3E91A29E1BD560C400660650 /* Base */ = {isa = PBXFileReference; lastKnownFileType = file.storyboard; name = Base; path = Base.lproj/Main.storyboard; sourceTree = "<group>"; };
		3E91A2A01BD560C400660650 /* Assets.xcassets */ = {isa = PBXFileReference; lastKnownFileType = folder.assetcatalog; path = Assets.xcassets; sourceTree = "<group>"; };
		3E91A2A31BD560C400660650 /* Base */ = {isa = PBXFileReference; lastKnownFileType = file.storyboard; name = Base; path = Base.lproj/LaunchScreen.storyboard; sourceTree = "<group>"; };
		3E91A2A51BD560C400660650 /* Info.plist */ = {isa = PBXFileReference; lastKnownFileType = text.plist.xml; path = Info.plist; sourceTree = "<group>"; };
		3E91A2AC1BD566D900660650 /* Data.txt */ = {isa = PBXFileReference; fileEncoding = 4; lastKnownFileType = text; path = Data.txt; sourceTree = "<group>"; };
/* End PBXFileReference section */

/* Begin PBXFrameworksBuildPhase section */
		3E91A28E1BD560C400660650 /* Frameworks */ = {
			isa = PBXFrameworksBuildPhase;
			buildActionMask = 2147483647;
			files = (
			);
			runOnlyForDeploymentPostprocessing = 0;
		};
/* End PBXFrameworksBuildPhase section */

/* Begin PBXGroup section */
		3E91A2881BD560C400660650 = {
			isa = PBXGroup;
			children = (
				3E91A2931BD560C400660650 /* SPAutolayout-V3 */,
				3E91A2921BD560C400660650 /* Products */,
			);
			sourceTree = "<group>";
		};
		3E91A2921BD560C400660650 /* Products */ = {
			isa = PBXGroup;
			children = (
				3E91A2911BD560C400660650 /* SPAutolayout-V3.app */,
			);
			name = Products;
			sourceTree = "<group>";
		};
		3E91A2931BD560C400660650 /* SPAutolayout-V3 */ = {
			isa = PBXGroup;
			children = (
				3E91A2971BD560C400660650 /* AppDelegate.h */,
				3E91A2981BD560C400660650 /* AppDelegate.m */,
				3E91A2AE1BD566F700660650 /* SPControllers */,
				3E91A2AB1BD5616000660650 /* SPStoryboards */,
				3E91A2A01BD560C400660650 /* Assets.xcassets */,
				3E91A2A51BD560C400660650 /* Info.plist */,
				3E91A2941BD560C400660650 /* Supporting Files */,
			);
			path = "SPAutolayout-V3";
			sourceTree = "<group>";
		};
		3E91A2941BD560C400660650 /* Supporting Files */ = {
			isa = PBXGroup;
			children = (
				3E91A2AC1BD566D900660650 /* Data.txt */,
				3E91A2951BD560C400660650 /* main.m */,
			);
			name = "Supporting Files";
			sourceTree = "<group>";
		};
		3E91A2AB1BD5616000660650 /* SPStoryboards */ = {
			isa = PBXGroup;
			children = (
				3E91A29D1BD560C400660650 /* Main.storyboard */,
				3E91A2A21BD560C400660650 /* LaunchScreen.storyboard */,
			);
			name = SPStoryboards;
			sourceTree = "<group>";
		};
		3E91A2AE1BD566F700660650 /* SPControllers */ = {
			isa = PBXGroup;
			children = (
				3E91A29A1BD560C400660650 /* ViewController.h */,
				3E91A29B1BD560C400660650 /* ViewController.m */,
			);
			name = SPControllers;
			sourceTree = "<group>";
		};
/* End PBXGroup section */

/* Begin PBXNativeTarget section */
		3E91A2901BD560C400660650 /* SPAutolayout-V3 */ = {
			isa = PBXNativeTarget;
			buildConfigurationList = 3E91A2A81BD560C400660650 /* Build configuration list for PBXNativeTarget "SPAutolayout-V3" */;
			buildPhases = (
				3E91A28D1BD560C400660650 /* Sources */,
				3E91A28E1BD560C400660650 /* Frameworks */,
				3E91A28F1BD560C400660650 /* Resources */,
			);
			buildRules = (
			);
			dependencies = (
			);
			name = "SPAutolayout-V3";
			productName = "SPAutolayout-V3";
			productReference = 3E91A2911BD560C400660650 /* SPAutolayout-V3.app */;
			productType = "com.apple.product-type.application";
		};
/* End PBXNativeTarget section */

/* Begin PBXProject section */
		3E91A2891BD560C400660650 /* Project object */ = {
			isa = PBXProject;
			attributes = {
				LastUpgradeCheck = 0700;
				ORGANIZATIONNAME = popovychs;
				TargetAttributes = {
					3E91A2901BD560C400660650 = {
						CreatedOnToolsVersion = 7.0.1;
					};
				};
			};
			buildConfigurationList = 3E91A28C1BD560C400660650 /* Build configuration list for PBXProject "SPAutolayout-V3" */;
			compatibilityVersion = "Xcode 3.2";
			developmentRegion = English;
			hasScannedForEncodings = 0;
			knownRegions = (
				en,
				Base,
			);
			mainGroup = 3E91A2881BD560C400660650;
			productRefGroup = 3E91A2921BD560C400660650 /* Products */;
			projectDirPath = "";
			projectRoot = "";
			targets = (
				3E91A2901BD560C400660650 /* SPAutolayout-V3 */,
			);
		};
/* End PBXProject section */

/* Begin PBXResourcesBuildPhase section */
		3E91A28F1BD560C400660650 /* Resources */ = {
			isa = PBXResourcesBuildPhase;
			buildActionMask = 2147483647;
			files = (
				3E91A2AD1BD566D900660650 /* Data.txt in Resources */,
				3E91A2A41BD560C400660650 /* LaunchScreen.storyboard in Resources */,
				3E91A2A11BD560C400660650 /* Assets.xcassets in Resources */,
				3E91A29F1BD560C400660650 /* Main.storyboard in Resources */,
			);
			runOnlyForDeploymentPostprocessing = 0;
		};
/* End PBXResourcesBuildPhase section */

/* Begin PBXSourcesBuildPhase section */
		3E91A28D1BD560C400660650 /* Sources */ = {
			isa = PBXSourcesBuildPhase;
			buildActionMask = 2147483647;
			files = (
				3E91A29C1BD560C400660650 /* ViewController.m in Sources */,
				3E91A2991BD560C400660650 /* AppDelegate.m in Sources */,
				3E91A2961BD560C400660650 /* main.m in Sources */,
			);
			runOnlyForDeploymentPostprocessing = 0;
		};
/* End PBXSourcesBuildPhase section */

/* Begin PBXVariantGroup section */
		3E91A29D1BD560C400660650 /* Main.storyboard */ = {
			isa = PBXVariantGroup;
			children = (
				3E91A29E1BD560C400660650 /* Base */,
			);
			name = Main.storyboard;
			sourceTree = "<group>";
		};
		3E91A2A21BD560C400660650 /* LaunchScreen.storyboard */ = {
			isa = PBXVariantGroup;
			children = (
				3E91A2A31BD560C400660650 /* Base */,
			);
			name = LaunchScreen.storyboard;
			sourceTree = "<group>";
		};
/* End PBXVariantGroup section */

/* Begin XCBuildConfiguration section */
		3E91A2A61BD560C400660650 /* Debug */ = {
			isa = XCBuildConfiguration;
			buildSettings = {
				ALWAYS_SEARCH_USER_PATHS = NO;
				CLANG_CXX_LANGUAGE_STANDARD = "gnu++0x";
				CLANG_CXX_LIBRARY = "libc++";
				CLANG_ENABLE_MODULES = YES;
				CLANG_ENABLE_OBJC_ARC = YES;
				CLANG_WARN_BOOL_CONVERSION = YES;
				CLANG_WARN_CONSTANT_CONVERSION = YES;
				CLANG_WARN_DIRECT_OBJC_ISA_USAGE = YES_ERROR;
				CLANG_WARN_EMPTY_BODY = YES;
				CLANG_WARN_ENUM_CONVERSION = YES;
				CLANG_WARN_INT_CONVERSION = YES;
				CLANG_WARN_OBJC_ROOT_CLASS = YES_ERROR;
				CLANG_WARN_UNREACHABLE_CODE = YES;
				CLANG_WARN__DUPLICATE_METHOD_MATCH = YES;
				"CODE_SIGN_IDENTITY[sdk=iphoneos*]" = "iPhone Developer";
				COPY_PHASE_STRIP = NO;
				DEBUG_INFORMATION_FORMAT = dwarf;
				ENABLE_STRICT_OBJC_MSGSEND = YES;
				ENABLE_TESTABILITY = YES;
				GCC_C_LANGUAGE_STANDARD = gnu99;
				GCC_DYNAMIC_NO_PIC = NO;
				GCC_NO_COMMON_BLOCKS = YES;
				GCC_OPTIMIZATION_LEVEL = 0;
				GCC_PREPROCESSOR_DEFINITIONS = (
					"DEBUG=1",
					"$(inherited)",
				);
				GCC_WARN_64_TO_32_BIT_CONVERSION = YES;
				GCC_WARN_ABOUT_RETURN_TYPE = YES_ERROR;
				GCC_WARN_UNDECLARED_SELECTOR = YES;
				GCC_WARN_UNINITIALIZED_AUTOS = YES_AGGRESSIVE;
				GCC_WARN_UNUSED_FUNCTION = YES;
				GCC_WARN_UNUSED_VARIABLE = YES;
				IPHONEOS_DEPLOYMENT_TARGET = 9.0;
				MTL_ENABLE_DEBUG_INFO = YES;
				ONLY_ACTIVE_ARCH = YES;
				SDKROOT = iphoneos;
			};
			name = Debug;
		};
		3E91A2A71BD560C400660650 /* Release */ = {
			isa = XCBuildConfiguration;
			buildSettings = {
				ALWAYS_SEARCH_USER_PATHS = NO;
				CLANG_CXX_LANGUAGE_STANDARD = "gnu++0x";
				CLANG_CXX_LIBRARY = "libc++";
				CLANG_ENABLE_MODULES = YES;
				CLANG_ENABLE_OBJC_ARC = YES;
				CLANG_WARN_BOOL_CONVERSION = YES;
				CLANG_WARN_CONSTANT_CONVERSION = YES;
				CLANG_WARN_DIRECT_OBJC_ISA_USAGE = YES_ERROR;
				CLANG_WARN_EMPTY_BODY = YES;
				CLANG_WARN_ENUM_CONVERSION = YES;
				CLANG_WARN_INT_CONVERSION = YES;
				CLANG_WARN_OBJC_ROOT_CLASS = YES_ERROR;
				CLANG_WARN_UNREACHABLE_CODE = YES;
				CLANG_WARN__DUPLICATE_METHOD_MATCH = YES;
				"CODE_SIGN_IDENTITY[sdk=iphoneos*]" = "iPhone Developer";
				COPY_PHASE_STRIP = NO;
				DEBUG_INFORMATION_FORMAT = "dwarf-with-dsym";
				ENABLE_NS_ASSERTIONS = NO;
				ENABLE_STRICT_OBJC_MSGSEND = YES;
				GCC_C_LANGUAGE_STANDARD = gnu99;
				GCC_NO_COMMON_BLOCKS = YES;
				GCC_WARN_64_TO_32_BIT_CONVERSION = YES;
				GCC_WARN_ABOUT_RETURN_TYPE = YES_ERROR;
				GCC_WARN_UNDECLARED_SELECTOR = YES;
				GCC_WARN_UNINITIALIZED_AUTOS = YES_AGGRESSIVE;
				GCC_WARN_UNUSED_FUNCTION = YES;
				GCC_WARN_UNUSED_VARIABLE = YES;
				IPHONEOS_DEPLOYMENT_TARGET = 9.0;
				MTL_ENABLE_DEBUG_INFO = NO;
				SDKROOT = iphoneos;
				VALIDATE_PRODUCT = YES;
			};
			name = Release;
		};
		3E91A2A91BD560C400660650 /* Debug */ = {
			isa = XCBuildConfiguration;
			buildSettings = {
				ASSETCATALOG_COMPILER_APPICON_NAME = AppIcon;
				INFOPLIST_FILE = "SPAutolayout-V3/Info.plist";
				LD_RUNPATH_SEARCH_PATHS = "$(inherited) @executable_path/Frameworks";
				PRODUCT_BUNDLE_IDENTIFIER = "popovychs.SPAutolayout-V3";
				PRODUCT_NAME = "$(TARGET_NAME)";
			};
			name = Debug;
		};
		3E91A2AA1BD560C400660650 /* Release */ = {
			isa = XCBuildConfiguration;
			buildSettings = {
				ASSETCATALOG_COMPILER_APPICON_NAME = AppIcon;
				INFOPLIST_FILE = "SPAutolayout-V3/Info.plist";
				LD_RUNPATH_SEARCH_PATHS = "$(inherited) @executable_path/Frameworks";
				PRODUCT_BUNDLE_IDENTIFIER = "popovychs.SPAutolayout-V3";
				PRODUCT_NAME = "$(TARGET_NAME)";
			};
			name = Release;
		};
/* End XCBuildConfiguration section */

/* Begin XCConfigurationList section */
		3E91A28C1BD560C400660650 /* Build configuration list for PBXProject "SPAutolayout-V3" */ = {
			isa = XCConfigurationList;
			buildConfigurations = (
				3E91A2A61BD560C400660650 /* Debug */,
				3E91A2A71BD560C400660650 /* Release */,
			);
			defaultConfigurationIsVisible = 0;
			defaultConfigurationName = Release;
		};
		3E91A2A81BD560C400660650 /* Build configuration list for PBXNativeTarget "SPAutolayout-V3" */ = {
			isa = XCConfigurationList;
			buildConfigurations = (
				3E91A2A91BD560C400660650 /* Debug */,
				3E91A2AA1BD560C400660650 /* Release */,
			);
			defaultConfigurationIsVisible = 0;
		};
/* End XCConfigurationList section */
	};
	rootObject = 3E91A2891BD560C400660650 /* Project object */;
}
